
Microsoft Visual Studio Solution File, Format Version 12.00
# Visual Studio Version 17
VisualStudioVersion = 17.6.33829.357
MinimumVisualStudioVersion = 10.0.40219.1
Project("{FAE04EC0-301F-11D3-BF4B-00C04F79EFBC}") = "optisync1", "optisync1.csproj", "{289522E7-49A4-4BF3-A60A-69A886063DBF}"
EndProject
Global
	GlobalSection(SolutionConfigurationPlatforms) = preSolution
		Debug|Any CPU = Debug|Any CPU
		Release|Any CPU = Release|Any CPU
	EndGlobalSection
	GlobalSection(ProjectConfigurationPlatforms) = postSolution
		{289522E7-49A4-4BF3-A60A-69A886063DBF}.Debug|Any CPU.ActiveCfg = Debug|Any CPU
		{289522E7-49A4-4BF3-A60A-69A886063DBF}.Debug|Any CPU.Build.0 = Debug|Any CPU
		{289522E7-49A4-4BF3-A60A-69A886063DBF}.Release|Any CPU.ActiveCfg = Release|Any CPU
		{289522E7-49A4-4BF3-A60A-69A886063DBF}.Release|Any CPU.Build.0 = Release|Any CPU
	EndGlobalSection
	GlobalSection(SolutionProperties) = preSolution
		HideSolutionNode = FALSE
	EndGlobalSection
	GlobalSection(ExtensibilityGlobals) = postSolution
		SolutionGuid = {343F08D5-CCEB-4755-86D0-E75B3A96522D}
	EndGlobalSection
EndGlobal
